// !$*UTF8*$!
{
	archiveVersion = 1;
	classes = {
	};
	objectVersion = 50;
	objects = {

/* Begin PBXBuildFile section */
		76D2185A233D50AE003E2B82 /* AppDelegate.m in Sources */ = {isa = PBXBuildFile; fileRef = 76D21859233D50AE003E2B82 /* AppDelegate.m */; };
		76D2185D233D50AE003E2B82 /* ViewController.m in Sources */ = {isa = PBXBuildFile; fileRef = 76D2185C233D50AE003E2B82 /* ViewController.m */; };
		76D21860233D50AE003E2B82 /* Main.storyboard in Resources */ = {isa = PBXBuildFile; fileRef = 76D2185E233D50AE003E2B82 /* Main.storyboard */; };
		76D21862233D50AF003E2B82 /* Assets.xcassets in Resources */ = {isa = PBXBuildFile; fileRef = 76D21861233D50AF003E2B82 /* Assets.xcassets */; };
		76D21865233D50AF003E2B82 /* LaunchScreen.storyboard in Resources */ = {isa = PBXBuildFile; fileRef = 76D21863233D50AF003E2B82 /* LaunchScreen.storyboard */; };
		76D21868233D50AF003E2B82 /* main.m in Sources */ = {isa = PBXBuildFile; fileRef = 76D21867233D50AF003E2B82 /* main.m */; };
/* End PBXBuildFile section */

/* Begin PBXFileReference section */
		76D21855233D50AE003E2B82 /* Bitrise.app */ = {isa = PBXFileReference; explicitFileType = wrapper.application; includeInIndex = 0; path = Bitrise.app; sourceTree = BUILT_PRODUCTS_DIR; };
		76D21858233D50AE003E2B82 /* AppDelegate.h */ = {isa = PBXFileReference; lastKnownFileType = sourcecode.c.h; path = AppDelegate.h; sourceTree = "<group>"; };
		76D21859233D50AE003E2B82 /* AppDelegate.m */ = {isa = PBXFileReference; lastKnownFileType = sourcecode.c.objc; path = AppDelegate.m; sourceTree = "<group>"; };
		76D2185B233D50AE003E2B82 /* ViewController.h */ = {isa = PBXFileReference; lastKnownFileType = sourcecode.c.h; path = ViewController.h; sourceTree = "<group>"; };
		76D2185C233D50AE003E2B82 /* ViewController.m */ = {isa = PBXFileReference; lastKnownFileType = sourcecode.c.objc; path = ViewController.m; sourceTree = "<group>"; };
		76D2185F233D50AE003E2B82 /* Base */ = {isa = PBXFileReference; lastKnownFileType = file.storyboard; name = Base; path = Base.lproj/Main.storyboard; sourceTree = "<group>"; };
		76D21861233D50AF003E2B82 /* Assets.xcassets */ = {isa = PBXFileReference; lastKnownFileType = folder.assetcatalog; path = Assets.xcassets; sourceTree = "<group>"; };
		76D21864233D50AF003E2B82 /* Base */ = {isa = PBXFileReference; lastKnownFileType = file.storyboard; name = Base; path = Base.lproj/LaunchScreen.storyboard; sourceTree = "<group>"; };
		76D21866233D50AF003E2B82 /* Info.plist */ = {isa = PBXFileReference; lastKnownFileType = text.plist.xml; path = Info.plist; sourceTree = "<group>"; };
		76D21867233D50AF003E2B82 /* main.m */ = {isa = PBXFileReference; lastKnownFileType = sourcecode.c.objc; path = main.m; sourceTree = "<group>"; };
/* End PBXFileReference section */

/* Begin PBXFrameworksBuildPhase section */
		76D21852233D50AE003E2B82 /* Frameworks */ = {
			isa = PBXFrameworksBuildPhase;
			buildActionMask = 2147483647;
			files = (
			);
			runOnlyForDeploymentPostprocessing = 0;
		};
/* End PBXFrameworksBuildPhase section */

/* Begin PBXGroup section */
		76D2184C233D50AE003E2B82 = {
			isa = PBXGroup;
			children = (
				76D21857233D50AE003E2B82 /* Bitrise */,
				76D21856233D50AE003E2B82 /* Products */,
			);
			sourceTree = "<group>";
		};
		76D21856233D50AE003E2B82 /* Products */ = {
			isa = PBXGroup;
			children = (
				76D21855233D50AE003E2B82 /* Bitrise.app */,
			);
			name = Products;
			sourceTree = "<group>";
		};
		76D21857233D50AE003E2B82 /* Bitrise */ = {
			isa = PBXGroup;
			children = (
				76D21858233D50AE003E2B82 /* AppDelegate.h */,
				76D21859233D50AE003E2B82 /* AppDelegate.m */,
				76D2185B233D50AE003E2B82 /* ViewController.h */,
				76D2185C233D50AE003E2B82 /* ViewController.m */,
				76D2185E233D50AE003E2B82 /* Main.storyboard */,
				76D21861233D50AF003E2B82 /* Assets.xcassets */,
				76D21863233D50AF003E2B82 /* LaunchScreen.storyboard */,
				76D21866233D50AF003E2B82 /* Info.plist */,
				76D21867233D50AF003E2B82 /* main.m */,
			);
			path = Bitrise;
			sourceTree = "<group>";
		};
/* End PBXGroup section */

/* Begin PBXNativeTarget section */
		76D21854233D50AE003E2B82 /* Bitrise */ = {
			isa = PBXNativeTarget;
			buildConfigurationList = 76D2186B233D50AF003E2B82 /* Build configuration list for PBXNativeTarget "Bitrise" */;
			buildPhases = (
				76D21851233D50AE003E2B82 /* Sources */,
				76D21852233D50AE003E2B82 /* Frameworks */,
				76D21853233D50AE003E2B82 /* Resources */,
			);
			buildRules = (
			);
			dependencies = (
			);
			name = Bitrise;
			productName = Bitrise;
			productReference = 76D21855233D50AE003E2B82 /* Bitrise.app */;
			productType = "com.apple.product-type.application";
		};
/* End PBXNativeTarget section */

/* Begin PBXProject section */
		76D2184D233D50AE003E2B82 /* Project object */ = {
			isa = PBXProject;
			attributes = {
				LastUpgradeCheck = 1030;
				TargetAttributes = {
					76D21854233D50AE003E2B82 = {
						CreatedOnToolsVersion = 10.3;
					};
				};
			};
			buildConfigurationList = 76D21850233D50AE003E2B82 /* Build configuration list for PBXProject "Bitrise" */;
			compatibilityVersion = "Xcode 9.3";
			developmentRegion = en;
			hasScannedForEncodings = 0;
			knownRegions = (
				Base,
			);
			mainGroup = 76D2184C233D50AE003E2B82;
			productRefGroup = 76D21856233D50AE003E2B82 /* Products */;
			projectDirPath = "";
			projectRoot = "";
			targets = (
				76D21854233D50AE003E2B82 /* Bitrise */,
			);
		};
/* End PBXProject section */

/* Begin PBXResourcesBuildPhase section */
		76D21853233D50AE003E2B82 /* Resources */ = {
			isa = PBXResourcesBuildPhase;
			buildActionMask = 2147483647;
			files = (
				76D21865233D50AF003E2B82 /* LaunchScreen.storyboard in Resources */,
				76D21862233D50AF003E2B82 /* Assets.xcassets in Resources */,
				76D21860233D50AE003E2B82 /* Main.storyboard in Resources */,
			);
			runOnlyForDeploymentPostprocessing = 0;
		};
/* End PBXResourcesBuildPhase section */

/* Begin PBXSourcesBuildPhase section */
		76D21851233D50AE003E2B82 /* Sources */ = {
			isa = PBXSourcesBuildPhase;
			buildActionMask = 2147483647;
			files = (
				76D2185D233D50AE003E2B82 /* ViewController.m in Sources */,
				76D21868233D50AF003E2B82 /* main.m in Sources */,
				76D2185A233D50AE003E2B82 /* AppDelegate.m in Sources */,
			);
			runOnlyForDeploymentPostprocessing = 0;
		};
/* End PBXSourcesBuildPhase section */

/* Begin PBXVariantGroup section */
		76D2185E233D50AE003E2B82 /* Main.storyboard */ = {
			isa = PBXVariantGroup;
			children = (
				76D2185F233D50AE003E2B82 /* Base */,
			);
			name = Main.storyboard;
			sourceTree = "<group>";
		};
		76D21863233D50AF003E2B82 /* LaunchScreen.storyboard */ = {
			isa = PBXVariantGroup;
			children = (
				76D21864233D50AF003E2B82 /* Base */,
			);
			name = LaunchScreen.storyboard;
			sourceTree = "<group>";
		};
/* End PBXVariantGroup section */

/* Begin XCBuildConfiguration section */
		76D21869233D50AF003E2B82 /* Debug */ = {
			isa = XCBuildConfiguration;
			buildSettings = {
				ALWAYS_SEARCH_USER_PATHS = NO;
				CLANG_ANALYZER_NONNULL = YES;
				CLANG_ANALYZER_NUMBER_OBJECT_CONVERSION = YES_AGGRESSIVE;
				CLANG_CXX_LANGUAGE_STANDARD = "gnu++14";
				CLANG_CXX_LIBRARY = "libc++";
				CLANG_ENABLE_MODULES = YES;
				CLANG_ENABLE_OBJC_ARC = YES;
				CLANG_ENABLE_OBJC_WEAK = YES;
				CLANG_WARN_BLOCK_CAPTURE_AUTORELEASING = YES;
				CLANG_WARN_BOOL_CONVERSION = YES;
				CLANG_WARN_COMMA = YES;
				CLANG_WARN_CONSTANT_CONVERSION = YES;
				CLANG_WARN_DEPRECATED_OBJC_IMPLEMENTATIONS = YES;
				CLANG_WARN_DIRECT_OBJC_ISA_USAGE = YES_ERROR;
				CLANG_WARN_DOCUMENTATION_COMMENTS = YES;
				CLANG_WARN_EMPTY_BODY = YES;
				CLANG_WARN_ENUM_CONVERSION = YES;
				CLANG_WARN_INFINITE_RECURSION = YES;
				CLANG_WARN_INT_CONVERSION = YES;
				CLANG_WARN_NON_LITERAL_NULL_CONVERSION = YES;
				CLANG_WARN_OBJC_IMPLICIT_RETAIN_SELF = YES;
				CLANG_WARN_OBJC_LITERAL_CONVERSION = YES;
				CLANG_WARN_OBJC_ROOT_CLASS = YES_ERROR;
				CLANG_WARN_RANGE_LOOP_ANALYSIS = YES;
				CLANG_WARN_STRICT_PROTOTYPES = YES;
				CLANG_WARN_SUSPICIOUS_MOVE = YES;
				CLANG_WARN_UNGUARDED_AVAILABILITY = YES_AGGRESSIVE;
				CLANG_WARN_UNREACHABLE_CODE = YES;
				CLANG_WARN__DUPLICATE_METHOD_MATCH = YES;
				CODE_SIGN_IDENTITY = "iPhone Developer";
				COPY_PHASE_STRIP = NO;
				DEBUG_INFORMATION_FORMAT = dwarf;
				ENABLE_STRICT_OBJC_MSGSEND = YES;
				ENABLE_TESTABILITY = YES;
				GCC_C_LANGUAGE_STANDARD = gnu11;
				GCC_DYNAMIC_NO_PIC = NO;
				GCC_NO_COMMON_BLOCKS = YES;
				GCC_OPTIMIZATION_LEVEL = 0;
				GCC_PREPROCESSOR_DEFINITIONS = (
					"DEBUG=1",
					"$(inherited)",
				);
				GCC_WARN_64_TO_32_BIT_CONVERSION = YES;
				GCC_WARN_ABOUT_RETURN_TYPE = YES_ERROR;
				GCC_WARN_UNDECLARED_SELECTOR = YES;
				GCC_WARN_UNINITIALIZED_AUTOS = YES_AGGRESSIVE;
				GCC_WARN_UNUSED_FUNCTION = YES;
				GCC_WARN_UNUSED_VARIABLE = YES;
				IPHONEOS_DEPLOYMENT_TARGET = 11.0;
				MTL_ENABLE_DEBUG_INFO = INCLUDE_SOURCE;
				MTL_FAST_MATH = YES;
				ONLY_ACTIVE_ARCH = YES;
				SDKROOT = iphoneos;
			};
			name = Debug;
		};
		76D2186A233D50AF003E2B82 /* Release */ = {
			isa = XCBuildConfiguration;
			buildSettings = {
				ALWAYS_SEARCH_USER_PATHS = NO;
				CLANG_ANALYZER_NONNULL = YES;
				CLANG_ANALYZER_NUMBER_OBJECT_CONVERSION = YES_AGGRESSIVE;
				CLANG_CXX_LANGUAGE_STANDARD = "gnu++14";
				CLANG_CXX_LIBRARY = "libc++";
				CLANG_ENABLE_MODULES = YES;
				CLANG_ENABLE_OBJC_ARC = YES;
				CLANG_ENABLE_OBJC_WEAK = YES;
				CLANG_WARN_BLOCK_CAPTURE_AUTORELEASING = YES;
				CLANG_WARN_BOOL_CONVERSION = YES;
				CLANG_WARN_COMMA = YES;
				CLANG_WARN_CONSTANT_CONVERSION = YES;
				CLANG_WARN_DEPRECATED_OBJC_IMPLEMENTATIONS = YES;
				CLANG_WARN_DIRECT_OBJC_ISA_USAGE = YES_ERROR;
				CLANG_WARN_DOCUMENTATION_COMMENTS = YES;
				CLANG_WARN_EMPTY_BODY = YES;
				CLANG_WARN_ENUM_CONVERSION = YES;
				CLANG_WARN_INFINITE_RECURSION = YES;
				CLANG_WARN_INT_CONVERSION = YES;
				CLANG_WARN_NON_LITERAL_NULL_CONVERSION = YES;
				CLANG_WARN_OBJC_IMPLICIT_RETAIN_SELF = YES;
				CLANG_WARN_OBJC_LITERAL_CONVERSION = YES;
				CLANG_WARN_OBJC_ROOT_CLASS = YES_ERROR;
				CLANG_WARN_RANGE_LOOP_ANALYSIS = YES;
				CLANG_WARN_STRICT_PROTOTYPES = YES;
				CLANG_WARN_SUSPICIOUS_MOVE = YES;
				CLANG_WARN_UNGUARDED_AVAILABILITY = YES_AGGRESSIVE;
				CLANG_WARN_UNREACHABLE_CODE = YES;
				CLANG_WARN__DUPLICATE_METHOD_MATCH = YES;
				CODE_SIGN_IDENTITY = "iPhone Developer";
				COPY_PHASE_STRIP = NO;
				DEBUG_INFORMATION_FORMAT = "dwarf-with-dsym";
				ENABLE_NS_ASSERTIONS = NO;
				ENABLE_STRICT_OBJC_MSGSEND = YES;
				GCC_C_LANGUAGE_STANDARD = gnu11;
				GCC_NO_COMMON_BLOCKS = YES;
				GCC_WARN_64_TO_32_BIT_CONVERSION = YES;
				GCC_WARN_ABOUT_RETURN_TYPE = YES_ERROR;
				GCC_WARN_UNDECLARED_SELECTOR = YES;
				GCC_WARN_UNINITIALIZED_AUTOS = YES_AGGRESSIVE;
				GCC_WARN_UNUSED_FUNCTION = YES;
				GCC_WARN_UNUSED_VARIABLE = YES;
				IPHONEOS_DEPLOYMENT_TARGET = 11.0;
				MTL_ENABLE_DEBUG_INFO = NO;
				MTL_FAST_MATH = YES;
				SDKROOT = iphoneos;
				VALIDATE_PRODUCT = YES;
			};
			name = Release;
		};
		76D2186C233D50AF003E2B82 /* Debug */ = {
			isa = XCBuildConfiguration;
			buildSettings = {
				ASSETCATALOG_COMPILER_APPICON_NAME = AppIcon;
				CODE_SIGN_STYLE = Automatic;
				DEVELOPMENT_TEAM = W444LHYV6G;
				INFOPLIST_FILE = Bitrise/Info.plist;
				IPHONEOS_DEPLOYMENT_TARGET = 11.0;
				LD_RUNPATH_SEARCH_PATHS = (
					"$(inherited)",
					"@executable_path/Frameworks",
				);
				PRODUCT_BUNDLE_IDENTIFIER = com.getmntinfo.Bitrise;
				PRODUCT_NAME = "$(TARGET_NAME)";
				TARGETED_DEVICE_FAMILY = 1;
			};
			name = Debug;
		};
		76D2186D233D50AF003E2B82 /* Release */ = {
			isa = XCBuildConfiguration;
			buildSettings = {
				ASSETCATALOG_COMPILER_APPICON_NAME = AppIcon;
				CODE_SIGN_STYLE = Automatic;
				DEVELOPMENT_TEAM = W444LHYV6G;
				INFOPLIST_FILE = Bitrise/Info.plist;
				IPHONEOS_DEPLOYMENT_TARGET = 11.0;
				LD_RUNPATH_SEARCH_PATHS = (
					"$(inherited)",
					"@executable_path/Frameworks",
				);
				PRODUCT_BUNDLE_IDENTIFIER = com.getmntinfo.Bitrise;
				PRODUCT_NAME = "$(TARGET_NAME)";
				TARGETED_DEVICE_FAMILY = 1;
			};
			name = Release;
		};
/* End XCBuildConfiguration section */

/* Begin XCConfigurationList section */
		76D21850233D50AE003E2B82 /* Build configuration list for PBXProject "Bitrise" */ = {
			isa = XCConfigurationList;
			buildConfigurations = (
				76D21869233D50AF003E2B82 /* Debug */,
				76D2186A233D50AF003E2B82 /* Release */,
			);
			defaultConfigurationIsVisible = 0;
			defaultConfigurationName = Release;
		};
		76D2186B233D50AF003E2B82 /* Build configuration list for PBXNativeTarget "Bitrise" */ = {
			isa = XCConfigurationList;
			buildConfigurations = (
				76D2186C233D50AF003E2B82 /* Debug */,
				76D2186D233D50AF003E2B82 /* Release */,
			);
			defaultConfigurationIsVisible = 0;
			defaultConfigurationName = Release;
		};
/* End XCConfigurationList section */
	};
	rootObject = 76D2184D233D50AE003E2B82 /* Project object */;
}
